
Microsoft Visual Studio Solution File, Format Version 12.00
# Visual Studio Version 16
VisualStudioVersion = 16.0.28803.202
MinimumVisualStudioVersion = 10.0.40219.1
Project("{FAE04EC0-301F-11D3-BF4B-00C04F79EFBC}") = "Perficient", "Perficient\Perficient.csproj", "{66641E37-749D-4491-9265-25DD5DD4886B}"
EndProject
Global
	GlobalSection(SolutionConfigurationPlatforms) = preSolution
		Debug|Any CPU = Debug|Any CPU
		Release|Any CPU = Release|Any CPU
	EndGlobalSection
	GlobalSection(ProjectConfigurationPlatforms) = postSolution
		{66641E37-749D-4491-9265-25DD5DD4886B}.Debug|Any CPU.ActiveCfg = Debug|Any CPU
		{66641E37-749D-4491-9265-25DD5DD4886B}.Debug|Any CPU.Build.0 = Debug|Any CPU
		{66641E37-749D-4491-9265-25DD5DD4886B}.Release|Any CPU.ActiveCfg = Release|Any CPU
		{66641E37-749D-4491-9265-25DD5DD4886B}.Release|Any CPU.Build.0 = Release|Any CPU
	EndGlobalSection
	GlobalSection(SolutionProperties) = preSolution
		HideSolutionNode = FALSE
	EndGlobalSection
	GlobalSection(ExtensibilityGlobals) = postSolution
		SolutionGuid = {3E2549E4-21AB-435C-BC1F-C236E27A9F21}
	EndGlobalSection
EndGlobal
